<?xml version="1.0" encoding="utf-8"?>
<Project ToolsVersion="4.0" xmlns="http://schemas.microsoft.com/developer/msbuild/2003">
  <ItemGroup>
    <Filter Include="Source Files">
      <UniqueIdentifier>{4FC737F1-C7A5-4376-A066-2A32D752A2FF}</UniqueIdentifier>
      <Extensions>cpp;c;cc;cxx;c++;cppm;ixx;def;odl;idl;hpj;bat;asm;asmx</Extensions>
    </Filter>
    <Filter Include="Console">
      <UniqueIdentifier>{d46f2a18-e009-4fbf-b4e8-37b0c05030d8}</UniqueIdentifier>
    </Filter>
    <Filter Include="Utils">
      <UniqueIdentifier>{b645d90b-4128-4e9b-b085-3d1a38aac749}</UniqueIdentifier>
    </Filter>
    <Filter Include="Scheduling">
      <UniqueIdentifier>{355faccb-d597-4172-bfcb-5134ef8eb35c}</UniqueIdentifier>
    </Filter>
    <Filter Include="Scheduling\temp">
      <UniqueIdentifier>{0bd54233-8bfc-4215-9709-420a58fe03d3}</UniqueIdentifier>
    </Filter>
    <Filter Include="Memory">
      <UniqueIdentifier>{76563aa7-7267-406f-ac78-042cc593457d}</UniqueIdentifier>
    </Filter>
  </ItemGroup>
  <ItemGroup>
    <ClCompile Include="AmongOS.cpp">
      <Filter>Source Files</Filter>
    </ClCompile>
    <ClCompile Include="main.cpp">
      <Filter>Source Files</Filter>
    </ClCompile>
    <ClCompile Include="ConsoleManager.cpp">
      <Filter>Console</Filter>
    </ClCompile>
    <ClCompile Include="AConsole.cpp">
      <Filter>Console</Filter>
    </ClCompile>
    <ClCompile Include="BaseScreen.cpp">
      <Filter>Console</Filter>
    </ClCompile>
    <ClCompile Include="MainConsole.cpp">
      <Filter>Console</Filter>
    </ClCompile>
    <ClCompile Include="IThread.cpp">
      <Filter>Scheduling</Filter>
    </ClCompile>
    <ClCompile Include="Process.cpp">
      <Filter>Scheduling</Filter>
    </ClCompile>
    <ClCompile Include="ICommand.cpp">
      <Filter>Scheduling</Filter>
    </ClCompile>
    <ClCompile Include="AScheduler.cpp">
      <Filter>Scheduling</Filter>
    </ClCompile>
    <ClCompile Include="PrintCommand.cpp">
      <Filter>Scheduling</Filter>
    </ClCompile>
    <ClCompile Include="SchedulerWorker.cpp">
      <Filter>Scheduling</Filter>
    </ClCompile>
    <ClCompile Include="CPUCore.cpp">
      <Filter>Scheduling</Filter>
    </ClCompile>
    <ClCompile Include="CPUCoreWorker.cpp">
      <Filter>Scheduling</Filter>
    </ClCompile>
    <ClCompile Include="GlobalScheduler.cpp">
      <Filter>Scheduling</Filter>
    </ClCompile>
    <ClCompile Include="InputWorker.cpp">
      <Filter>Console</Filter>
    </ClCompile>
    <ClCompile Include="IMemoryAllocator.cpp">
      <Filter>Memory</Filter>
    </ClCompile>
    <ClCompile Include="FlatMemoryAllocator.cpp">
      <Filter>Memory</Filter>
    </ClCompile>
  </ItemGroup>
  <ItemGroup>
    <ClInclude Include="ConsoleManager.h">
      <Filter>Console</Filter>
    </ClInclude>
    <ClInclude Include="TypedefRepo.h">
      <Filter>Utils</Filter>
    </ClInclude>
    <ClInclude Include="AConsole.h">
      <Filter>Console</Filter>
    </ClInclude>
    <ClInclude Include="BaseScreen.h">
      <Filter>Console</Filter>
    </ClInclude>
    <ClInclude Include="MainConsole.h">
      <Filter>Console</Filter>
    </ClInclude>
    <ClInclude Include="IThread.h">
      <Filter>Scheduling</Filter>
    </ClInclude>
    <ClInclude Include="Process.h">
      <Filter>Scheduling</Filter>
    </ClInclude>
    <ClInclude Include="ICommand.h">
      <Filter>Scheduling</Filter>
    </ClInclude>
    <ClInclude Include="AScheduler.h">
      <Filter>Scheduling</Filter>
    </ClInclude>
    <ClInclude Include="PrintCommand.h">
      <Filter>Scheduling</Filter>
    </ClInclude>
    <ClInclude Include="SchedulerWorker.h">
      <Filter>Scheduling</Filter>
    </ClInclude>
    <ClInclude Include="GlobalScheduler.h">
      <Filter>Scheduling</Filter>
    </ClInclude>
    <ClInclude Include="CPUCore.h">
      <Filter>Scheduling</Filter>
    </ClInclude>
    <ClInclude Include="CPUCoreWorker.h">
      <Filter>Scheduling</Filter>
    </ClInclude>
    <ClInclude Include="InputWorker.h">
      <Filter>Console</Filter>
    </ClInclude>
    <ClInclude Include="IMemoryAllocator.h">
      <Filter>Memory</Filter>
    </ClInclude>
    <ClInclude Include="FlatMemoryAllocator.h">
      <Filter>Memory</Filter>
    </ClInclude>
  </ItemGroup>
  <ItemGroup>
    <Text Include="config.txt" />
    <Text Include="csopesy-log.txt" />
    <Text Include="README.txt" />
  </ItemGroup>
</Project>