<?xml version="1.0" encoding="utf-8"?>
<Project ToolsVersion="4.0" xmlns="http://schemas.microsoft.com/developer/msbuild/2003">
  <ItemGroup>
    <Filter Include="Source Files">
      <UniqueIdentifier>{4FC737F1-C7A5-4376-A066-2A32D752A2FF}</UniqueIdentifier>
      <Extensions>cpp;c;cc;cxx;c++;cppm;ixx;def;odl;idl;hpj;bat;asm;asmx</Extensions>
    </Filter>
    <Filter Include="Console">
      <UniqueIdentifier>{d46f2a18-e009-4fbf-b4e8-37b0c05030d8}</UniqueIdentifier>
    </Filter>
    <Filter Include="Utils">
      <UniqueIdentifier>{b645d90b-4128-4e9b-b085-3d1a38aac749}</UniqueIdentifier>
    </Filter>
    <Filter Include="Scheduling">
      <UniqueIdentifier>{355faccb-d597-4172-bfcb-5134ef8eb35c}</UniqueIdentifier>
    </Filter>
  </ItemGroup>
  <ItemGroup>
    <ClCompile Include="AmongOS.cpp">
      <Filter>Source Files</Filter>
    </ClCompile>
    <ClCompile Include="main.cpp">
      <Filter>Source Files</Filter>
    </ClCompile>
    <ClCompile Include="ConsoleManager.cpp">
      <Filter>Console</Filter>
    </ClCompile>
    <ClCompile Include="AConsole.cpp">
      <Filter>Console</Filter>
    </ClCompile>
    <ClCompile Include="BaseScreen.cpp">
      <Filter>Console</Filter>
    </ClCompile>
    <ClCompile Include="MainConsole.cpp">
      <Filter>Console</Filter>
    </ClCompile>
    <ClCompile Include="IThread.cpp">
      <Filter>Scheduling</Filter>
    </ClCompile>
    <ClCompile Include="Process.cpp">
      <Filter>Scheduling</Filter>
    </ClCompile>
  </ItemGroup>
  <ItemGroup>
    <ClInclude Include="ConsoleManager.h">
      <Filter>Console</Filter>
    </ClInclude>
    <ClInclude Include="TypedefRepo.h">
      <Filter>Utils</Filter>
    </ClInclude>
    <ClInclude Include="AConsole.h">
      <Filter>Console</Filter>
    </ClInclude>
    <ClInclude Include="BaseScreen.h">
      <Filter>Console</Filter>
    </ClInclude>
    <ClInclude Include="MainConsole.h">
      <Filter>Console</Filter>
    </ClInclude>
    <ClInclude Include="IThread.h">
      <Filter>Scheduling</Filter>
    </ClInclude>
    <ClInclude Include="Process.h">
      <Filter>Scheduling</Filter>
    </ClInclude>
  </ItemGroup>
</Project>